
Microsoft Visual Studio Solution File, Format Version 12.00
# Visual Studio Version 16
VisualStudioVersion = 16.0.31624.102
MinimumVisualStudioVersion = 10.0.40219.1
Project("{2150E333-8FDC-42A3-9474-1A3956D46DE8}") = "Api", "Api", "{937182A9-2AC6-450E-B255-1B5BA6919C06}"
EndProject
Project("{2150E333-8FDC-42A3-9474-1A3956D46DE8}") = "Readme", "Readme", "{9265CB94-6776-4937-8068-E04B2D9D0E64}"
	ProjectSection(SolutionItems) = preProject
		Readme.txt = Readme.txt
	EndProjectSection
EndProject
Project("{9A19103F-16F7-4668-BE54-9A1E7A4F7556}") = "Api", "Application\Api.csproj", "{55F541FF-4516-40EF-AA39-5E315D6AB638}"
EndProject
Global
	GlobalSection(SolutionConfigurationPlatforms) = preSolution
		Debug|Any CPU = Debug|Any CPU
		Release|Any CPU = Release|Any CPU
	EndGlobalSection
	GlobalSection(ProjectConfigurationPlatforms) = postSolution
		{55F541FF-4516-40EF-AA39-5E315D6AB638}.Debug|Any CPU.ActiveCfg = Debug|Any CPU
		{55F541FF-4516-40EF-AA39-5E315D6AB638}.Debug|Any CPU.Build.0 = Debug|Any CPU
		{55F541FF-4516-40EF-AA39-5E315D6AB638}.Release|Any CPU.ActiveCfg = Release|Any CPU
		{55F541FF-4516-40EF-AA39-5E315D6AB638}.Release|Any CPU.Build.0 = Release|Any CPU
	EndGlobalSection
	GlobalSection(SolutionProperties) = preSolution
		HideSolutionNode = FALSE
	EndGlobalSection
	GlobalSection(NestedProjects) = preSolution
		{55F541FF-4516-40EF-AA39-5E315D6AB638} = {937182A9-2AC6-450E-B255-1B5BA6919C06}
	EndGlobalSection
	GlobalSection(ExtensibilityGlobals) = postSolution
		SolutionGuid = {231166B2-4634-4CAA-BE33-AAF49ED91BCE}
	EndGlobalSection
EndGlobal
